
Microsoft Visual Studio Solution File, Format Version 12.00
# Visual Studio Version 17
VisualStudioVersion = 17.10.35004.147
MinimumVisualStudioVersion = 10.0.40219.1
Project("{FAE04EC0-301F-11D3-BF4B-00C04F79EFBC}") = "XAccess2", "XAccess2.csproj", "{7AB4EFFB-AA18-4903-9AF6-92A385C0151F}"
EndProject
Global
	GlobalSection(SolutionConfigurationPlatforms) = preSolution
		Debug|Any CPU = Debug|Any CPU
		Release|Any CPU = Release|Any CPU
	EndGlobalSection
	GlobalSection(ProjectConfigurationPlatforms) = postSolution
		{7AB4EFFB-AA18-4903-9AF6-92A385C0151F}.Debug|Any CPU.ActiveCfg = Debug|Any CPU
		{7AB4EFFB-AA18-4903-9AF6-92A385C0151F}.Debug|Any CPU.Build.0 = Debug|Any CPU
		{7AB4EFFB-AA18-4903-9AF6-92A385C0151F}.Release|Any CPU.ActiveCfg = Release|Any CPU
		{7AB4EFFB-AA18-4903-9AF6-92A385C0151F}.Release|Any CPU.Build.0 = Release|Any CPU
	EndGlobalSection
	GlobalSection(SolutionProperties) = preSolution
		HideSolutionNode = FALSE
	EndGlobalSection
	GlobalSection(ExtensibilityGlobals) = postSolution
		SolutionGuid = {4B5278B3-7A02-49CA-A3B5-24FADFC8BD5C}
	EndGlobalSection
EndGlobal
